
Microsoft Visual Studio Solution File, Format Version 12.00
# Visual Studio Version 17
VisualStudioVersion = 17.3.32825.248
MinimumVisualStudioVersion = 10.0.40219.1
Project("{8BC9CEB8-8B4A-11D0-8D11-00A0C91BC942}") = "Bai4_new", "Bai4_new\Bai4_new.vcxproj", "{46496425-9547-413F-93D8-5C5EDB3AD7A0}"
EndProject
Global
	GlobalSection(SolutionConfigurationPlatforms) = preSolution
		Debug|x64 = Debug|x64
		Debug|x86 = Debug|x86
		Release|x64 = Release|x64
		Release|x86 = Release|x86
	EndGlobalSection
	GlobalSection(ProjectConfigurationPlatforms) = postSolution
		{46496425-9547-413F-93D8-5C5EDB3AD7A0}.Debug|x64.ActiveCfg = Debug|x64
		{46496425-9547-413F-93D8-5C5EDB3AD7A0}.Debug|x64.Build.0 = Debug|x64
		{46496425-9547-413F-93D8-5C5EDB3AD7A0}.Debug|x86.ActiveCfg = Debug|Win32
		{46496425-9547-413F-93D8-5C5EDB3AD7A0}.Debug|x86.Build.0 = Debug|Win32
		{46496425-9547-413F-93D8-5C5EDB3AD7A0}.Release|x64.ActiveCfg = Release|x64
		{46496425-9547-413F-93D8-5C5EDB3AD7A0}.Release|x64.Build.0 = Release|x64
		{46496425-9547-413F-93D8-5C5EDB3AD7A0}.Release|x86.ActiveCfg = Release|Win32
		{46496425-9547-413F-93D8-5C5EDB3AD7A0}.Release|x86.Build.0 = Release|Win32
	EndGlobalSection
	GlobalSection(SolutionProperties) = preSolution
		HideSolutionNode = FALSE
	EndGlobalSection
	GlobalSection(ExtensibilityGlobals) = postSolution
		SolutionGuid = {3874A5D2-730B-4885-8825-8D4075FCE98C}
	EndGlobalSection
EndGlobal
