<?xml version="1.0" encoding="utf-8"?>
<Project ToolsVersion="4.0" xmlns="http://schemas.microsoft.com/developer/msbuild/2003">
  <ItemGroup>
    <Filter Include="Source Files">
      <UniqueIdentifier>{4FC737F1-C7A5-4376-A066-2A32D752A2FF}</UniqueIdentifier>
      <Extensions>cpp;c;cc;cxx;c++;cppm;ixx;def;odl;idl;hpj;bat;asm;asmx</Extensions>
    </Filter>
    <Filter Include="Header Files">
      <UniqueIdentifier>{93995380-89BD-4b04-88EB-625FBE52EBFB}</UniqueIdentifier>
      <Extensions>h;hh;hpp;hxx;h++;hm;inl;inc;ipp;xsd</Extensions>
    </Filter>
    <Filter Include="Resource Files">
      <UniqueIdentifier>{67DA6AB6-F800-4c08-8B7A-83BB121AAD01}</UniqueIdentifier>
      <Extensions>rc;ico;cur;bmp;dlg;rc2;rct;bin;rgs;gif;jpg;jpeg;jpe;resx;tiff;tif;png;wav;mfcribbon-ms</Extensions>
    </Filter>
    <Filter Include="Header Files\Model">
      <UniqueIdentifier>{24f2f872-10f6-4f01-a3ff-9c4beeae65fe}</UniqueIdentifier>
    </Filter>
    <Filter Include="Source Files\Model">
      <UniqueIdentifier>{a03c7a4d-0af1-4355-82be-7984f1aaaee5}</UniqueIdentifier>
    </Filter>
    <Filter Include="Header Files\Validation">
      <UniqueIdentifier>{3a66d48e-e1db-49d2-a491-4b85b5f9a806}</UniqueIdentifier>
    </Filter>
    <Filter Include="Source Files\Validation">
      <UniqueIdentifier>{6aafe70d-bc68-4e7e-85e2-031b7c7f6c68}</UniqueIdentifier>
    </Filter>
    <Filter Include="Header Files\Controller">
      <UniqueIdentifier>{77d35af2-c57c-4150-9f15-a0f05dd08435}</UniqueIdentifier>
    </Filter>
    <Filter Include="Source Files\Controller">
      <UniqueIdentifier>{aa7ebd28-ca4d-418c-91a0-d7c6faa56e14}</UniqueIdentifier>
    </Filter>
    <Filter Include="Header Files\UserInterface">
      <UniqueIdentifier>{d47d12d9-c911-4e63-bd8d-51bf146181f4}</UniqueIdentifier>
    </Filter>
    <Filter Include="Header Files\View">
      <UniqueIdentifier>{53e3dfb0-a535-484c-b3da-d6012cff1acc}</UniqueIdentifier>
    </Filter>
    <Filter Include="Source Files\View">
      <UniqueIdentifier>{c7670255-3c61-477b-9e73-67aa429104bb}</UniqueIdentifier>
    </Filter>
    <Filter Include="Source Files\UserInterface">
      <UniqueIdentifier>{a4ba1187-9de7-45f0-8d8e-fee1839731c0}</UniqueIdentifier>
    </Filter>
  </ItemGroup>
  <ItemGroup>
    <ClInclude Include="Student.h">
      <Filter>Header Files\Model</Filter>
    </ClInclude>
    <ClInclude Include="GoodStudent.h">
      <Filter>Header Files\Model</Filter>
    </ClInclude>
    <ClInclude Include="NormalStudent.h">
      <Filter>Header Files\Model</Filter>
    </ClInclude>
    <ClInclude Include="CheckInput.h">
      <Filter>Header Files\Validation</Filter>
    </ClInclude>
    <ClInclude Include="MyCustomException.h">
      <Filter>Header Files\Validation</Filter>
    </ClInclude>
    <ClInclude Include="StudentManager.h">
      <Filter>Header Files\Controller</Filter>
    </ClInclude>
    <ClInclude Include="IO.h">
      <Filter>Header Files\View</Filter>
    </ClInclude>
    <ClInclude Include="UI.h">
      <Filter>Header Files\UserInterface</Filter>
    </ClInclude>
  </ItemGroup>
  <ItemGroup>
    <ClCompile Include="Student.cpp">
      <Filter>Source Files\Model</Filter>
    </ClCompile>
    <ClCompile Include="GoodStudent.cpp">
      <Filter>Source Files\Model</Filter>
    </ClCompile>
    <ClCompile Include="NormalStudent.cpp">
      <Filter>Source Files\Model</Filter>
    </ClCompile>
    <ClCompile Include="CheckInput.cpp">
      <Filter>Source Files\Validation</Filter>
    </ClCompile>
    <ClCompile Include="MyCustomException.cpp">
      <Filter>Source Files\Validation</Filter>
    </ClCompile>
    <ClCompile Include="StudentManager.cpp">
      <Filter>Source Files\Controller</Filter>
    </ClCompile>
    <ClCompile Include="IO.cpp">
      <Filter>Source Files\View</Filter>
    </ClCompile>
    <ClCompile Include="main.cpp">
      <Filter>Source Files</Filter>
    </ClCompile>
    <ClCompile Include="UI.cpp">
      <Filter>Source Files\UserInterface</Filter>
    </ClCompile>
  </ItemGroup>
</Project>